// !$*UTF8*$!
{
	archiveVersion = 1;
	classes = {
	};
	objectVersion = 50;
	objects = {

/* Begin PBXBuildFile section */
		BEC87873243D63D000B96AF7 /* AppDelegate.swift in Sources */ = {isa = PBXBuildFile; fileRef = BEC87872243D63D000B96AF7 /* AppDelegate.swift */; };
		BEC87875243D63D000B96AF7 /* SceneDelegate.swift in Sources */ = {isa = PBXBuildFile; fileRef = BEC87874243D63D000B96AF7 /* SceneDelegate.swift */; };
		BEC87877243D63D000B96AF7 /* CreateUserViewController.swift in Sources */ = {isa = PBXBuildFile; fileRef = BEC87876243D63D000B96AF7 /* CreateUserViewController.swift */; };
		BEC8787A243D63D000B96AF7 /* Main.storyboard in Resources */ = {isa = PBXBuildFile; fileRef = BEC87878243D63D000B96AF7 /* Main.storyboard */; };
		BEC8787C243D63D100B96AF7 /* Assets.xcassets in Resources */ = {isa = PBXBuildFile; fileRef = BEC8787B243D63D100B96AF7 /* Assets.xcassets */; };
		BEC8787F243D63D100B96AF7 /* LaunchScreen.storyboard in Resources */ = {isa = PBXBuildFile; fileRef = BEC8787D243D63D100B96AF7 /* LaunchScreen.storyboard */; };
		BEC87887243D67D400B96AF7 /* DepositViewController.swift in Sources */ = {isa = PBXBuildFile; fileRef = BEC87886243D67D400B96AF7 /* DepositViewController.swift */; };
		BEC87889243D67EE00B96AF7 /* UsersViewController.swift in Sources */ = {isa = PBXBuildFile; fileRef = BEC87888243D67EE00B96AF7 /* UsersViewController.swift */; };
		BEC878BE243E504A00B96AF7 /* Users.swift in Sources */ = {isa = PBXBuildFile; fileRef = BEC878BD243E504A00B96AF7 /* Users.swift */; };
/* End PBXBuildFile section */

/* Begin PBXFileReference section */
		BEC8786F243D63D000B96AF7 /* KVOLab.app */ = {isa = PBXFileReference; explicitFileType = wrapper.application; includeInIndex = 0; path = KVOLab.app; sourceTree = BUILT_PRODUCTS_DIR; };
		BEC87872243D63D000B96AF7 /* AppDelegate.swift */ = {isa = PBXFileReference; lastKnownFileType = sourcecode.swift; path = AppDelegate.swift; sourceTree = "<group>"; };
		BEC87874243D63D000B96AF7 /* SceneDelegate.swift */ = {isa = PBXFileReference; lastKnownFileType = sourcecode.swift; path = SceneDelegate.swift; sourceTree = "<group>"; };
		BEC87876243D63D000B96AF7 /* CreateUserViewController.swift */ = {isa = PBXFileReference; lastKnownFileType = sourcecode.swift; path = CreateUserViewController.swift; sourceTree = "<group>"; };
		BEC87879243D63D000B96AF7 /* Base */ = {isa = PBXFileReference; lastKnownFileType = file.storyboard; name = Base; path = Base.lproj/Main.storyboard; sourceTree = "<group>"; };
		BEC8787B243D63D100B96AF7 /* Assets.xcassets */ = {isa = PBXFileReference; lastKnownFileType = folder.assetcatalog; path = Assets.xcassets; sourceTree = "<group>"; };
		BEC8787E243D63D100B96AF7 /* Base */ = {isa = PBXFileReference; lastKnownFileType = file.storyboard; name = Base; path = Base.lproj/LaunchScreen.storyboard; sourceTree = "<group>"; };
		BEC87880243D63D100B96AF7 /* Info.plist */ = {isa = PBXFileReference; lastKnownFileType = text.plist.xml; path = Info.plist; sourceTree = "<group>"; };
		BEC87886243D67D400B96AF7 /* DepositViewController.swift */ = {isa = PBXFileReference; lastKnownFileType = sourcecode.swift; path = DepositViewController.swift; sourceTree = "<group>"; };
		BEC87888243D67EE00B96AF7 /* UsersViewController.swift */ = {isa = PBXFileReference; lastKnownFileType = sourcecode.swift; path = UsersViewController.swift; sourceTree = "<group>"; };
		BEC878BD243E504A00B96AF7 /* Users.swift */ = {isa = PBXFileReference; lastKnownFileType = sourcecode.swift; path = Users.swift; sourceTree = "<group>"; };
/* End PBXFileReference section */

/* Begin PBXFrameworksBuildPhase section */
		BEC8786C243D63D000B96AF7 /* Frameworks */ = {
			isa = PBXFrameworksBuildPhase;
			buildActionMask = 2147483647;
			files = (
			);
			runOnlyForDeploymentPostprocessing = 0;
		};
/* End PBXFrameworksBuildPhase section */

/* Begin PBXGroup section */
		BEC87866243D63D000B96AF7 = {
			isa = PBXGroup;
			children = (
				BEC87871243D63D000B96AF7 /* KVOLab */,
				BEC87870243D63D000B96AF7 /* Products */,
			);
			sourceTree = "<group>";
		};
		BEC87870243D63D000B96AF7 /* Products */ = {
			isa = PBXGroup;
			children = (
				BEC8786F243D63D000B96AF7 /* KVOLab.app */,
			);
			name = Products;
			sourceTree = "<group>";
		};
		BEC87871243D63D000B96AF7 /* KVOLab */ = {
			isa = PBXGroup;
			children = (
				BEC878BC243E503200B96AF7 /* Models */,
				BEC878BB243E501700B96AF7 /* Supporting Files */,
				BEC878BA243E4FFF00B96AF7 /* Controllers */,
				BEC87880243D63D100B96AF7 /* Info.plist */,
			);
			path = KVOLab;
			sourceTree = "<group>";
		};
		BEC878BA243E4FFF00B96AF7 /* Controllers */ = {
			isa = PBXGroup;
			children = (
				BEC87876243D63D000B96AF7 /* CreateUserViewController.swift */,
				BEC87886243D67D400B96AF7 /* DepositViewController.swift */,
				BEC87888243D67EE00B96AF7 /* UsersViewController.swift */,
			);
			path = Controllers;
			sourceTree = "<group>";
		};
		BEC878BB243E501700B96AF7 /* Supporting Files */ = {
			isa = PBXGroup;
			children = (
				BEC8787D243D63D100B96AF7 /* LaunchScreen.storyboard */,
				BEC8787B243D63D100B96AF7 /* Assets.xcassets */,
				BEC87878243D63D000B96AF7 /* Main.storyboard */,
				BEC87874243D63D000B96AF7 /* SceneDelegate.swift */,
				BEC87872243D63D000B96AF7 /* AppDelegate.swift */,
			);
			path = "Supporting Files";
			sourceTree = "<group>";
		};
		BEC878BC243E503200B96AF7 /* Models */ = {
			isa = PBXGroup;
			children = (
				BEC878BD243E504A00B96AF7 /* Users.swift */,
			);
			path = Models;
			sourceTree = "<group>";
		};
/* End PBXGroup section */

/* Begin PBXNativeTarget section */
		BEC8786E243D63D000B96AF7 /* KVOLab */ = {
			isa = PBXNativeTarget;
			buildConfigurationList = BEC87883243D63D100B96AF7 /* Build configuration list for PBXNativeTarget "KVOLab" */;
			buildPhases = (
				BEC8786B243D63D000B96AF7 /* Sources */,
				BEC8786C243D63D000B96AF7 /* Frameworks */,
				BEC8786D243D63D000B96AF7 /* Resources */,
			);
			buildRules = (
			);
			dependencies = (
			);
			name = KVOLab;
			productName = KVOLab;
			productReference = BEC8786F243D63D000B96AF7 /* KVOLab.app */;
			productType = "com.apple.product-type.application";
		};
/* End PBXNativeTarget section */

/* Begin PBXProject section */
		BEC87867243D63D000B96AF7 /* Project object */ = {
			isa = PBXProject;
			attributes = {
				LastSwiftUpdateCheck = 1100;
				LastUpgradeCheck = 1100;
				ORGANIZATIONNAME = "Oscar Victoria Gonzalez ";
				TargetAttributes = {
					BEC8786E243D63D000B96AF7 = {
						CreatedOnToolsVersion = 11.0;
					};
				};
			};
			buildConfigurationList = BEC8786A243D63D000B96AF7 /* Build configuration list for PBXProject "KVOLab" */;
			compatibilityVersion = "Xcode 9.3";
			developmentRegion = en;
			hasScannedForEncodings = 0;
			knownRegions = (
				en,
				Base,
			);
			mainGroup = BEC87866243D63D000B96AF7;
			productRefGroup = BEC87870243D63D000B96AF7 /* Products */;
			projectDirPath = "";
			projectRoot = "";
			targets = (
				BEC8786E243D63D000B96AF7 /* KVOLab */,
			);
		};
/* End PBXProject section */

/* Begin PBXResourcesBuildPhase section */
		BEC8786D243D63D000B96AF7 /* Resources */ = {
			isa = PBXResourcesBuildPhase;
			buildActionMask = 2147483647;
			files = (
				BEC8787F243D63D100B96AF7 /* LaunchScreen.storyboard in Resources */,
				BEC8787C243D63D100B96AF7 /* Assets.xcassets in Resources */,
				BEC8787A243D63D000B96AF7 /* Main.storyboard in Resources */,
			);
			runOnlyForDeploymentPostprocessing = 0;
		};
/* End PBXResourcesBuildPhase section */

/* Begin PBXSourcesBuildPhase section */
		BEC8786B243D63D000B96AF7 /* Sources */ = {
			isa = PBXSourcesBuildPhase;
			buildActionMask = 2147483647;
			files = (
				BEC87877243D63D000B96AF7 /* CreateUserViewController.swift in Sources */,
				BEC87887243D67D400B96AF7 /* DepositViewController.swift in Sources */,
				BEC87889243D67EE00B96AF7 /* UsersViewController.swift in Sources */,
				BEC87873243D63D000B96AF7 /* AppDelegate.swift in Sources */,
				BEC878BE243E504A00B96AF7 /* Users.swift in Sources */,
				BEC87875243D63D000B96AF7 /* SceneDelegate.swift in Sources */,
			);
			runOnlyForDeploymentPostprocessing = 0;
		};
/* End PBXSourcesBuildPhase section */

/* Begin PBXVariantGroup section */
		BEC87878243D63D000B96AF7 /* Main.storyboard */ = {
			isa = PBXVariantGroup;
			children = (
				BEC87879243D63D000B96AF7 /* Base */,
			);
			name = Main.storyboard;
			sourceTree = "<group>";
		};
		BEC8787D243D63D100B96AF7 /* LaunchScreen.storyboard */ = {
			isa = PBXVariantGroup;
			children = (
				BEC8787E243D63D100B96AF7 /* Base */,
			);
			name = LaunchScreen.storyboard;
			sourceTree = "<group>";
		};
/* End PBXVariantGroup section */

/* Begin XCBuildConfiguration section */
		BEC87881243D63D100B96AF7 /* Debug */ = {
			isa = XCBuildConfiguration;
			buildSettings = {
				ALWAYS_SEARCH_USER_PATHS = NO;
				CLANG_ANALYZER_NONNULL = YES;
				CLANG_ANALYZER_NUMBER_OBJECT_CONVERSION = YES_AGGRESSIVE;
				CLANG_CXX_LANGUAGE_STANDARD = "gnu++14";
				CLANG_CXX_LIBRARY = "libc++";
				CLANG_ENABLE_MODULES = YES;
				CLANG_ENABLE_OBJC_ARC = YES;
				CLANG_ENABLE_OBJC_WEAK = YES;
				CLANG_WARN_BLOCK_CAPTURE_AUTORELEASING = YES;
				CLANG_WARN_BOOL_CONVERSION = YES;
				CLANG_WARN_COMMA = YES;
				CLANG_WARN_CONSTANT_CONVERSION = YES;
				CLANG_WARN_DEPRECATED_OBJC_IMPLEMENTATIONS = YES;
				CLANG_WARN_DIRECT_OBJC_ISA_USAGE = YES_ERROR;
				CLANG_WARN_DOCUMENTATION_COMMENTS = YES;
				CLANG_WARN_EMPTY_BODY = YES;
				CLANG_WARN_ENUM_CONVERSION = YES;
				CLANG_WARN_INFINITE_RECURSION = YES;
				CLANG_WARN_INT_CONVERSION = YES;
				CLANG_WARN_NON_LITERAL_NULL_CONVERSION = YES;
				CLANG_WARN_OBJC_IMPLICIT_RETAIN_SELF = YES;
				CLANG_WARN_OBJC_LITERAL_CONVERSION = YES;
				CLANG_WARN_OBJC_ROOT_CLASS = YES_ERROR;
				CLANG_WARN_RANGE_LOOP_ANALYSIS = YES;
				CLANG_WARN_STRICT_PROTOTYPES = YES;
				CLANG_WARN_SUSPICIOUS_MOVE = YES;
				CLANG_WARN_UNGUARDED_AVAILABILITY = YES_AGGRESSIVE;
				CLANG_WARN_UNREACHABLE_CODE = YES;
				CLANG_WARN__DUPLICATE_METHOD_MATCH = YES;
				COPY_PHASE_STRIP = NO;
				DEBUG_INFORMATION_FORMAT = dwarf;
				ENABLE_STRICT_OBJC_MSGSEND = YES;
				ENABLE_TESTABILITY = YES;
				GCC_C_LANGUAGE_STANDARD = gnu11;
				GCC_DYNAMIC_NO_PIC = NO;
				GCC_NO_COMMON_BLOCKS = YES;
				GCC_OPTIMIZATION_LEVEL = 0;
				GCC_PREPROCESSOR_DEFINITIONS = (
					"DEBUG=1",
					"$(inherited)",
				);
				GCC_WARN_64_TO_32_BIT_CONVERSION = YES;
				GCC_WARN_ABOUT_RETURN_TYPE = YES_ERROR;
				GCC_WARN_UNDECLARED_SELECTOR = YES;
				GCC_WARN_UNINITIALIZED_AUTOS = YES_AGGRESSIVE;
				GCC_WARN_UNUSED_FUNCTION = YES;
				GCC_WARN_UNUSED_VARIABLE = YES;
				IPHONEOS_DEPLOYMENT_TARGET = 13.0;
				MTL_ENABLE_DEBUG_INFO = INCLUDE_SOURCE;
				MTL_FAST_MATH = YES;
				ONLY_ACTIVE_ARCH = YES;
				SDKROOT = iphoneos;
				SWIFT_ACTIVE_COMPILATION_CONDITIONS = DEBUG;
				SWIFT_OPTIMIZATION_LEVEL = "-Onone";
			};
			name = Debug;
		};
		BEC87882243D63D100B96AF7 /* Release */ = {
			isa = XCBuildConfiguration;
			buildSettings = {
				ALWAYS_SEARCH_USER_PATHS = NO;
				CLANG_ANALYZER_NONNULL = YES;
				CLANG_ANALYZER_NUMBER_OBJECT_CONVERSION = YES_AGGRESSIVE;
				CLANG_CXX_LANGUAGE_STANDARD = "gnu++14";
				CLANG_CXX_LIBRARY = "libc++";
				CLANG_ENABLE_MODULES = YES;
				CLANG_ENABLE_OBJC_ARC = YES;
				CLANG_ENABLE_OBJC_WEAK = YES;
				CLANG_WARN_BLOCK_CAPTURE_AUTORELEASING = YES;
				CLANG_WARN_BOOL_CONVERSION = YES;
				CLANG_WARN_COMMA = YES;
				CLANG_WARN_CONSTANT_CONVERSION = YES;
				CLANG_WARN_DEPRECATED_OBJC_IMPLEMENTATIONS = YES;
				CLANG_WARN_DIRECT_OBJC_ISA_USAGE = YES_ERROR;
				CLANG_WARN_DOCUMENTATION_COMMENTS = YES;
				CLANG_WARN_EMPTY_BODY = YES;
				CLANG_WARN_ENUM_CONVERSION = YES;
				CLANG_WARN_INFINITE_RECURSION = YES;
				CLANG_WARN_INT_CONVERSION = YES;
				CLANG_WARN_NON_LITERAL_NULL_CONVERSION = YES;
				CLANG_WARN_OBJC_IMPLICIT_RETAIN_SELF = YES;
				CLANG_WARN_OBJC_LITERAL_CONVERSION = YES;
				CLANG_WARN_OBJC_ROOT_CLASS = YES_ERROR;
				CLANG_WARN_RANGE_LOOP_ANALYSIS = YES;
				CLANG_WARN_STRICT_PROTOTYPES = YES;
				CLANG_WARN_SUSPICIOUS_MOVE = YES;
				CLANG_WARN_UNGUARDED_AVAILABILITY = YES_AGGRESSIVE;
				CLANG_WARN_UNREACHABLE_CODE = YES;
				CLANG_WARN__DUPLICATE_METHOD_MATCH = YES;
				COPY_PHASE_STRIP = NO;
				DEBUG_INFORMATION_FORMAT = "dwarf-with-dsym";
				ENABLE_NS_ASSERTIONS = NO;
				ENABLE_STRICT_OBJC_MSGSEND = YES;
				GCC_C_LANGUAGE_STANDARD = gnu11;
				GCC_NO_COMMON_BLOCKS = YES;
				GCC_WARN_64_TO_32_BIT_CONVERSION = YES;
				GCC_WARN_ABOUT_RETURN_TYPE = YES_ERROR;
				GCC_WARN_UNDECLARED_SELECTOR = YES;
				GCC_WARN_UNINITIALIZED_AUTOS = YES_AGGRESSIVE;
				GCC_WARN_UNUSED_FUNCTION = YES;
				GCC_WARN_UNUSED_VARIABLE = YES;
				IPHONEOS_DEPLOYMENT_TARGET = 13.0;
				MTL_ENABLE_DEBUG_INFO = NO;
				MTL_FAST_MATH = YES;
				SDKROOT = iphoneos;
				SWIFT_COMPILATION_MODE = wholemodule;
				SWIFT_OPTIMIZATION_LEVEL = "-O";
				VALIDATE_PRODUCT = YES;
			};
			name = Release;
		};
		BEC87884243D63D100B96AF7 /* Debug */ = {
			isa = XCBuildConfiguration;
			buildSettings = {
				ASSETCATALOG_COMPILER_APPICON_NAME = AppIcon;
				CODE_SIGN_STYLE = Automatic;
				DEVELOPMENT_TEAM = S55722VFBC;
				INFOPLIST_FILE = KVOLab/Info.plist;
				LD_RUNPATH_SEARCH_PATHS = (
					"$(inherited)",
					"@executable_path/Frameworks",
				);
				PRODUCT_BUNDLE_IDENTIFIER = oscarvictoria.KVOLab;
				PRODUCT_NAME = "$(TARGET_NAME)";
				SWIFT_VERSION = 5.0;
				TARGETED_DEVICE_FAMILY = "1,2";
			};
			name = Debug;
		};
		BEC87885243D63D100B96AF7 /* Release */ = {
			isa = XCBuildConfiguration;
			buildSettings = {
				ASSETCATALOG_COMPILER_APPICON_NAME = AppIcon;
				CODE_SIGN_STYLE = Automatic;
				DEVELOPMENT_TEAM = S55722VFBC;
				INFOPLIST_FILE = KVOLab/Info.plist;
				LD_RUNPATH_SEARCH_PATHS = (
					"$(inherited)",
					"@executable_path/Frameworks",
				);
				PRODUCT_BUNDLE_IDENTIFIER = oscarvictoria.KVOLab;
				PRODUCT_NAME = "$(TARGET_NAME)";
				SWIFT_VERSION = 5.0;
				TARGETED_DEVICE_FAMILY = "1,2";
			};
			name = Release;
		};
/* End XCBuildConfiguration section */

/* Begin XCConfigurationList section */
		BEC8786A243D63D000B96AF7 /* Build configuration list for PBXProject "KVOLab" */ = {
			isa = XCConfigurationList;
			buildConfigurations = (
				BEC87881243D63D100B96AF7 /* Debug */,
				BEC87882243D63D100B96AF7 /* Release */,
			);
			defaultConfigurationIsVisible = 0;
			defaultConfigurationName = Release;
		};
		BEC87883243D63D100B96AF7 /* Build configuration list for PBXNativeTarget "KVOLab" */ = {
			isa = XCConfigurationList;
			buildConfigurations = (
				BEC87884243D63D100B96AF7 /* Debug */,
				BEC87885243D63D100B96AF7 /* Release */,
			);
			defaultConfigurationIsVisible = 0;
			defaultConfigurationName = Release;
		};
/* End XCConfigurationList section */
	};
	rootObject = BEC87867243D63D000B96AF7 /* Project object */;
}
